
Microsoft Visual Studio Solution File, Format Version 12.00
# Visual Studio Version 17
VisualStudioVersion = 17.4.33213.308
MinimumVisualStudioVersion = 10.0.40219.1
Project("{FAE04EC0-301F-11D3-BF4B-00C04F79EFBC}") = "generateur_phrase_aleatoire", "generateur_phrase_aleatoire\generateur_phrase_aleatoire.csproj", "{577D4A1E-E2ED-48B0-883C-E805394A7082}"
EndProject
Global
	GlobalSection(SolutionConfigurationPlatforms) = preSolution
		Debug|Any CPU = Debug|Any CPU
		Release|Any CPU = Release|Any CPU
	EndGlobalSection
	GlobalSection(ProjectConfigurationPlatforms) = postSolution
		{577D4A1E-E2ED-48B0-883C-E805394A7082}.Debug|Any CPU.ActiveCfg = Debug|Any CPU
		{577D4A1E-E2ED-48B0-883C-E805394A7082}.Debug|Any CPU.Build.0 = Debug|Any CPU
		{577D4A1E-E2ED-48B0-883C-E805394A7082}.Release|Any CPU.ActiveCfg = Release|Any CPU
		{577D4A1E-E2ED-48B0-883C-E805394A7082}.Release|Any CPU.Build.0 = Release|Any CPU
	EndGlobalSection
	GlobalSection(SolutionProperties) = preSolution
		HideSolutionNode = FALSE
	EndGlobalSection
	GlobalSection(ExtensibilityGlobals) = postSolution
		SolutionGuid = {FA97BECB-CC05-40F6-8680-5AB50708B4B0}
	EndGlobalSection
EndGlobal
